
Microsoft Visual Studio Solution File, Format Version 12.00
# Visual Studio 15
VisualStudioVersion = 15.0.27428.2005
MinimumVisualStudioVersion = 10.0.40219.1
Project("{FAE04EC0-301F-11D3-BF4B-00C04F79EFBC}") = "UnitTestDemo", "UnitTestDemo\UnitTestDemo.csproj", "{3A468B6D-DBE9-4294-8887-AD2FCC8295CE}"
EndProject
Project("{FAE04EC0-301F-11D3-BF4B-00C04F79EFBC}") = "UnitTestDemo.UnitTest", "UnitTestDemo.UnitTest\UnitTestDemo.UnitTest.csproj", "{9AFE8C2C-7114-4E5B-9BA8-6FB3AE9B07D8}"
EndProject
Global
	GlobalSection(SolutionConfigurationPlatforms) = preSolution
		Debug|Any CPU = Debug|Any CPU
		Release|Any CPU = Release|Any CPU
	EndGlobalSection
	GlobalSection(ProjectConfigurationPlatforms) = postSolution
		{3A468B6D-DBE9-4294-8887-AD2FCC8295CE}.Debug|Any CPU.ActiveCfg = Debug|Any CPU
		{3A468B6D-DBE9-4294-8887-AD2FCC8295CE}.Debug|Any CPU.Build.0 = Debug|Any CPU
		{3A468B6D-DBE9-4294-8887-AD2FCC8295CE}.Release|Any CPU.ActiveCfg = Release|Any CPU
		{3A468B6D-DBE9-4294-8887-AD2FCC8295CE}.Release|Any CPU.Build.0 = Release|Any CPU
		{9AFE8C2C-7114-4E5B-9BA8-6FB3AE9B07D8}.Debug|Any CPU.ActiveCfg = Debug|Any CPU
		{9AFE8C2C-7114-4E5B-9BA8-6FB3AE9B07D8}.Debug|Any CPU.Build.0 = Debug|Any CPU
		{9AFE8C2C-7114-4E5B-9BA8-6FB3AE9B07D8}.Release|Any CPU.ActiveCfg = Release|Any CPU
		{9AFE8C2C-7114-4E5B-9BA8-6FB3AE9B07D8}.Release|Any CPU.Build.0 = Release|Any CPU
	EndGlobalSection
	GlobalSection(SolutionProperties) = preSolution
		HideSolutionNode = FALSE
	EndGlobalSection
	GlobalSection(ExtensibilityGlobals) = postSolution
		SolutionGuid = {7F1CE5AE-FF97-47A8-B8FF-772626FC04BE}
	EndGlobalSection
EndGlobal
